
Microsoft Visual Studio Solution File, Format Version 12.00
# Visual Studio Version 16
VisualStudioVersion = 16.0.29503.13
MinimumVisualStudioVersion = 10.0.40219.1
Project("{8BC9CEB8-8B4A-11D0-8D11-00A0C91BC942}") = "Puzzler", "Puzzler\Puzzler.vcxproj", "{EFDEDBCE-753D-4FB4-B86E-95E9EB6543C6}"
EndProject
Global
	GlobalSection(SolutionConfigurationPlatforms) = preSolution
		Debug|x64 = Debug|x64
		Debug|x86 = Debug|x86
		Release|x64 = Release|x64
		Release|x86 = Release|x86
	EndGlobalSection
	GlobalSection(ProjectConfigurationPlatforms) = postSolution
		{EFDEDBCE-753D-4FB4-B86E-95E9EB6543C6}.Debug|x64.ActiveCfg = Debug|x64
		{EFDEDBCE-753D-4FB4-B86E-95E9EB6543C6}.Debug|x64.Build.0 = Debug|x64
		{EFDEDBCE-753D-4FB4-B86E-95E9EB6543C6}.Debug|x86.ActiveCfg = Debug|Win32
		{EFDEDBCE-753D-4FB4-B86E-95E9EB6543C6}.Debug|x86.Build.0 = Debug|Win32
		{EFDEDBCE-753D-4FB4-B86E-95E9EB6543C6}.Release|x64.ActiveCfg = Release|x64
		{EFDEDBCE-753D-4FB4-B86E-95E9EB6543C6}.Release|x64.Build.0 = Release|x64
		{EFDEDBCE-753D-4FB4-B86E-95E9EB6543C6}.Release|x86.ActiveCfg = Release|Win32
		{EFDEDBCE-753D-4FB4-B86E-95E9EB6543C6}.Release|x86.Build.0 = Release|Win32
	EndGlobalSection
	GlobalSection(SolutionProperties) = preSolution
		HideSolutionNode = FALSE
	EndGlobalSection
	GlobalSection(ExtensibilityGlobals) = postSolution
		SolutionGuid = {0CB6FFFA-670A-40BE-875F-BC49B2DF3873}
	EndGlobalSection
EndGlobal
